// !$*UTF8*$!
{
	archiveVersion = 1;
	classes = {
	};
	objectVersion = 51;
	objects = {

/* Begin PBXBuildFile section */
		1401BF142321F20000DB4FE0 /* ApiKey.swift in Sources */ = {isa = PBXBuildFile; fileRef = 1401BF132321F20000DB4FE0 /* ApiKey.swift */; };
		1401BF1623220BB100DB4FE0 /* UIViewController+.swift in Sources */ = {isa = PBXBuildFile; fileRef = 1401BF1523220BB100DB4FE0 /* UIViewController+.swift */; };
		1461E6862320D32F00EDA556 /* Observable.swift in Sources */ = {isa = PBXBuildFile; fileRef = 1461E6852320D32F00EDA556 /* Observable.swift */; };
		14683A5123139AD4007C0AFC /* GenreViewController.swift in Sources */ = {isa = PBXBuildFile; fileRef = 14683A5023139AD4007C0AFC /* GenreViewController.swift */; };
		146CCA7E231F485C00BF0762 /* ImageButton.swift in Sources */ = {isa = PBXBuildFile; fileRef = 146CCA7D231F485C00BF0762 /* ImageButton.swift */; };
		146CCA80231F5D6E00BF0762 /* BaseResult.swift in Sources */ = {isa = PBXBuildFile; fileRef = 146CCA7F231F5D6E00BF0762 /* BaseResult.swift */; };
		146CCA82231F663F00BF0762 /* HomeViewModel.swift in Sources */ = {isa = PBXBuildFile; fileRef = 146CCA81231F663F00BF0762 /* HomeViewModel.swift */; };
		146CCA84231F6C7900BF0762 /* HomeResponse.swift in Sources */ = {isa = PBXBuildFile; fileRef = 146CCA83231F6C7900BF0762 /* HomeResponse.swift */; };
		146CCA86231F6D0600BF0762 /* TrackCollection.swift in Sources */ = {isa = PBXBuildFile; fileRef = 146CCA85231F6D0600BF0762 /* TrackCollection.swift */; };
		146CCA88231FB07900BF0762 /* SearchRequest.swift in Sources */ = {isa = PBXBuildFile; fileRef = 146CCA87231FB07900BF0762 /* SearchRequest.swift */; };
		146CCA8A231FB41E00BF0762 /* SearchViewModel.swift in Sources */ = {isa = PBXBuildFile; fileRef = 146CCA89231FB41E00BF0762 /* SearchViewModel.swift */; };
		147D1614230FBBB500150D56 /* Search.storyboard in Resources */ = {isa = PBXBuildFile; fileRef = 147D1613230FBBB500150D56 /* Search.storyboard */; };
		147D1616230FBDB400150D56 /* Genre.storyboard in Resources */ = {isa = PBXBuildFile; fileRef = 147D1615230FBDB400150D56 /* Genre.storyboard */; };
		147D1618230FBFB700150D56 /* Favorite.storyboard in Resources */ = {isa = PBXBuildFile; fileRef = 147D1617230FBFB700150D56 /* Favorite.storyboard */; };
		147D1621230FD23100150D56 /* TrackTableViewCell.swift in Sources */ = {isa = PBXBuildFile; fileRef = 147D161F230FD23100150D56 /* TrackTableViewCell.swift */; };
		147D1622230FD23100150D56 /* TrackTableViewCell.xib in Resources */ = {isa = PBXBuildFile; fileRef = 147D1620230FD23100150D56 /* TrackTableViewCell.xib */; };
		147D1624230FD2CF00150D56 /* HomeViewController.swift in Sources */ = {isa = PBXBuildFile; fileRef = 147D1623230FD2CF00150D56 /* HomeViewController.swift */; };
		1485DE04232097AB0083AEAF /* SearchResponse.swift in Sources */ = {isa = PBXBuildFile; fileRef = 1485DE03232097AB0083AEAF /* SearchResponse.swift */; };
		149CC4BF231626C400932199 /* TrackByGenre.storyboard in Resources */ = {isa = PBXBuildFile; fileRef = 149CC4BE231626C400932199 /* TrackByGenre.storyboard */; };
		149CC4C12316279500932199 /* TrackByGenreViewController.swift in Sources */ = {isa = PBXBuildFile; fileRef = 149CC4C02316279500932199 /* TrackByGenreViewController.swift */; };
		149CC4C3231628EC00932199 /* Storyboards.swift in Sources */ = {isa = PBXBuildFile; fileRef = 149CC4C2231628EC00932199 /* Storyboards.swift */; };
		149CC4C6231679B100932199 /* SearchViewController.swift in Sources */ = {isa = PBXBuildFile; fileRef = 149CC4C5231679B100932199 /* SearchViewController.swift */; };
		14B716E1231DF47200378625 /* Playlist.swift in Sources */ = {isa = PBXBuildFile; fileRef = 14B716E0231DF47200378625 /* Playlist.swift */; };
		14B716E3231DF47E00378625 /* Track.swift in Sources */ = {isa = PBXBuildFile; fileRef = 14B716E2231DF47E00378625 /* Track.swift */; };
		14B716E5231DFE6900378625 /* History.storyboard in Resources */ = {isa = PBXBuildFile; fileRef = 14B716E4231DFE6900378625 /* History.storyboard */; };
		14B716E7231E034100378625 /* HistoryViewController.swift in Sources */ = {isa = PBXBuildFile; fileRef = 14B716E6231E034100378625 /* HistoryViewController.swift */; };
		14B716E9231E1FF100378625 /* ApiService.swift in Sources */ = {isa = PBXBuildFile; fileRef = 14B716E8231E1FF100378625 /* ApiService.swift */; };
		14B716ED231E433F00378625 /* TrackDataSource.swift in Sources */ = {isa = PBXBuildFile; fileRef = 14B716EC231E433F00378625 /* TrackDataSource.swift */; };
		14B716F1231E4F4300378625 /* ApiConstant.swift in Sources */ = {isa = PBXBuildFile; fileRef = 14B716F0231E4F4300378625 /* ApiConstant.swift */; };
		14B716F3231E508E00378625 /* HomeRequest.swift in Sources */ = {isa = PBXBuildFile; fileRef = 14B716F2231E508E00378625 /* HomeRequest.swift */; };
		14BBC1532319196000A16C12 /* FavoriteTracks.storyboard in Resources */ = {isa = PBXBuildFile; fileRef = 14BBC1522319196000A16C12 /* FavoriteTracks.storyboard */; };
		14BBC155231919A400A16C12 /* FavoriteTracksViewController.swift in Sources */ = {isa = PBXBuildFile; fileRef = 14BBC154231919A400A16C12 /* FavoriteTracksViewController.swift */; };
		14BBC15723193FFF00A16C12 /* PlaylistViewController.swift in Sources */ = {isa = PBXBuildFile; fileRef = 14BBC15623193FFF00A16C12 /* PlaylistViewController.swift */; };
		14BBC1592319401500A16C12 /* Playlist.storyboard in Resources */ = {isa = PBXBuildFile; fileRef = 14BBC1582319401500A16C12 /* Playlist.storyboard */; };
		14C05283230F8D1100B74529 /* Home.storyboard in Resources */ = {isa = PBXBuildFile; fileRef = 14C05282230F8D1100B74529 /* Home.storyboard */; };
		14D227F4230E76510023D2C3 /* BaseModel.swift in Sources */ = {isa = PBXBuildFile; fileRef = 14D227F3230E76510023D2C3 /* BaseModel.swift */; };
		14D227F6230E785F0023D2C3 /* LocalDataSource.swift in Sources */ = {isa = PBXBuildFile; fileRef = 14D227F5230E785F0023D2C3 /* LocalDataSource.swift */; };
		14D227F8230E78A50023D2C3 /* RemoteDataSource.swift in Sources */ = {isa = PBXBuildFile; fileRef = 14D227F7230E78A50023D2C3 /* RemoteDataSource.swift */; };
		14D227FA230E7A340023D2C3 /* TrackRepository.swift in Sources */ = {isa = PBXBuildFile; fileRef = 14D227F9230E7A340023D2C3 /* TrackRepository.swift */; };
		14D227FF230E7C270023D2C3 /* BaseError.swift in Sources */ = {isa = PBXBuildFile; fileRef = 14D227FE230E7C270023D2C3 /* BaseError.swift */; };
		14D22801230E7D230023D2C3 /* ErrorResponse.swift in Sources */ = {isa = PBXBuildFile; fileRef = 14D22800230E7D230023D2C3 /* ErrorResponse.swift */; };
		14D22804230E7E180023D2C3 /* BaseRequest.swift in Sources */ = {isa = PBXBuildFile; fileRef = 14D22803230E7E180023D2C3 /* BaseRequest.swift */; };
		14DB21A52314C64300B65091 /* GenreDataSource.swift in Sources */ = {isa = PBXBuildFile; fileRef = 14DB21A42314C64300B65091 /* GenreDataSource.swift */; };
		14DB21A72314C7D200B65091 /* GenreRepository.swift in Sources */ = {isa = PBXBuildFile; fileRef = 14DB21A62314C7D200B65091 /* GenreRepository.swift */; };
		14DB21AA2314CA1300B65091 /* GenreViewModel.swift in Sources */ = {isa = PBXBuildFile; fileRef = 14DB21A92314CA1300B65091 /* GenreViewModel.swift */; };
		14DB21AC2314E88900B65091 /* Genre.swift in Sources */ = {isa = PBXBuildFile; fileRef = 14DB21AB2314E88900B65091 /* Genre.swift */; };
		14E18A4E230E3AD700AA6241 /* AppDelegate.swift in Sources */ = {isa = PBXBuildFile; fileRef = 14E18A4D230E3AD700AA6241 /* AppDelegate.swift */; };
		14E18A53230E3AD700AA6241 /* Main.storyboard in Resources */ = {isa = PBXBuildFile; fileRef = 14E18A51230E3AD700AA6241 /* Main.storyboard */; };
		14E18A56230E3AD700AA6241 /* SoundGood.xcdatamodeld in Sources */ = {isa = PBXBuildFile; fileRef = 14E18A54230E3AD700AA6241 /* SoundGood.xcdatamodeld */; };
		14E18A58230E3AD800AA6241 /* Assets.xcassets in Resources */ = {isa = PBXBuildFile; fileRef = 14E18A57230E3AD800AA6241 /* Assets.xcassets */; };
		14E18A5B230E3AD800AA6241 /* LaunchScreen.storyboard in Resources */ = {isa = PBXBuildFile; fileRef = 14E18A59230E3AD800AA6241 /* LaunchScreen.storyboard */; };
		14E18A7A230E669700AA6241 /* Constant.swift in Sources */ = {isa = PBXBuildFile; fileRef = 14E18A79230E669700AA6241 /* Constant.swift */; };
		14F100C32317713F00537827 /* FavoriteViewController.swift in Sources */ = {isa = PBXBuildFile; fileRef = 14F100C22317713F00537827 /* FavoriteViewController.swift */; };
		14F768D32313B4ED007C9C8C /* GenreTableViewCell.swift in Sources */ = {isa = PBXBuildFile; fileRef = 14F768D12313B4ED007C9C8C /* GenreTableViewCell.swift */; };
		14F768D42313B4ED007C9C8C /* GenreTableViewCell.xib in Resources */ = {isa = PBXBuildFile; fileRef = 14F768D22313B4ED007C9C8C /* GenreTableViewCell.xib */; };
		7A2148168E9AB1CFA038CEB1 /* Pods_SoundGood.framework in Frameworks */ = {isa = PBXBuildFile; fileRef = 676DA365DC03B9E36D5B6113 /* Pods_SoundGood.framework */; };
/* End PBXBuildFile section */

/* Begin PBXFileReference section */
		1401BF132321F20000DB4FE0 /* ApiKey.swift */ = {isa = PBXFileReference; lastKnownFileType = sourcecode.swift; path = ApiKey.swift; sourceTree = "<group>"; };
		1401BF1523220BB100DB4FE0 /* UIViewController+.swift */ = {isa = PBXFileReference; lastKnownFileType = sourcecode.swift; path = "UIViewController+.swift"; sourceTree = "<group>"; };
		1461E6852320D32F00EDA556 /* Observable.swift */ = {isa = PBXFileReference; lastKnownFileType = sourcecode.swift; path = Observable.swift; sourceTree = "<group>"; };
		14683A5023139AD4007C0AFC /* GenreViewController.swift */ = {isa = PBXFileReference; lastKnownFileType = sourcecode.swift; path = GenreViewController.swift; sourceTree = "<group>"; };
		146CCA7D231F485C00BF0762 /* ImageButton.swift */ = {isa = PBXFileReference; lastKnownFileType = sourcecode.swift; path = ImageButton.swift; sourceTree = "<group>"; };
		146CCA7F231F5D6E00BF0762 /* BaseResult.swift */ = {isa = PBXFileReference; lastKnownFileType = sourcecode.swift; path = BaseResult.swift; sourceTree = "<group>"; };
		146CCA81231F663F00BF0762 /* HomeViewModel.swift */ = {isa = PBXFileReference; lastKnownFileType = sourcecode.swift; name = HomeViewModel.swift; path = ../../ViewModels/HomeViewModel.swift; sourceTree = "<group>"; };
		146CCA83231F6C7900BF0762 /* HomeResponse.swift */ = {isa = PBXFileReference; lastKnownFileType = sourcecode.swift; path = HomeResponse.swift; sourceTree = "<group>"; };
		146CCA85231F6D0600BF0762 /* TrackCollection.swift */ = {isa = PBXFileReference; lastKnownFileType = sourcecode.swift; path = TrackCollection.swift; sourceTree = "<group>"; };
		146CCA87231FB07900BF0762 /* SearchRequest.swift */ = {isa = PBXFileReference; lastKnownFileType = sourcecode.swift; path = SearchRequest.swift; sourceTree = "<group>"; };
		146CCA89231FB41E00BF0762 /* SearchViewModel.swift */ = {isa = PBXFileReference; lastKnownFileType = sourcecode.swift; path = SearchViewModel.swift; sourceTree = "<group>"; };
		147D1613230FBBB500150D56 /* Search.storyboard */ = {isa = PBXFileReference; lastKnownFileType = file.storyboard; path = Search.storyboard; sourceTree = "<group>"; };
		147D1615230FBDB400150D56 /* Genre.storyboard */ = {isa = PBXFileReference; lastKnownFileType = file.storyboard; path = Genre.storyboard; sourceTree = "<group>"; };
		147D1617230FBFB700150D56 /* Favorite.storyboard */ = {isa = PBXFileReference; lastKnownFileType = file.storyboard; path = Favorite.storyboard; sourceTree = "<group>"; };
		147D161F230FD23100150D56 /* TrackTableViewCell.swift */ = {isa = PBXFileReference; lastKnownFileType = sourcecode.swift; path = TrackTableViewCell.swift; sourceTree = "<group>"; };
		147D1620230FD23100150D56 /* TrackTableViewCell.xib */ = {isa = PBXFileReference; lastKnownFileType = file.xib; path = TrackTableViewCell.xib; sourceTree = "<group>"; };
		147D1623230FD2CF00150D56 /* HomeViewController.swift */ = {isa = PBXFileReference; lastKnownFileType = sourcecode.swift; path = HomeViewController.swift; sourceTree = "<group>"; };
		1485DE03232097AB0083AEAF /* SearchResponse.swift */ = {isa = PBXFileReference; lastKnownFileType = sourcecode.swift; path = SearchResponse.swift; sourceTree = "<group>"; };
		149CC4BE231626C400932199 /* TrackByGenre.storyboard */ = {isa = PBXFileReference; lastKnownFileType = file.storyboard; path = TrackByGenre.storyboard; sourceTree = "<group>"; };
		149CC4C02316279500932199 /* TrackByGenreViewController.swift */ = {isa = PBXFileReference; lastKnownFileType = sourcecode.swift; path = TrackByGenreViewController.swift; sourceTree = "<group>"; };
		149CC4C2231628EC00932199 /* Storyboards.swift */ = {isa = PBXFileReference; lastKnownFileType = sourcecode.swift; path = Storyboards.swift; sourceTree = "<group>"; };
		149CC4C5231679B100932199 /* SearchViewController.swift */ = {isa = PBXFileReference; lastKnownFileType = sourcecode.swift; path = SearchViewController.swift; sourceTree = "<group>"; };
		14B716E0231DF47200378625 /* Playlist.swift */ = {isa = PBXFileReference; lastKnownFileType = sourcecode.swift; path = Playlist.swift; sourceTree = "<group>"; };
		14B716E2231DF47E00378625 /* Track.swift */ = {isa = PBXFileReference; lastKnownFileType = sourcecode.swift; path = Track.swift; sourceTree = "<group>"; };
		14B716E4231DFE6900378625 /* History.storyboard */ = {isa = PBXFileReference; lastKnownFileType = file.storyboard; path = History.storyboard; sourceTree = "<group>"; };
		14B716E6231E034100378625 /* HistoryViewController.swift */ = {isa = PBXFileReference; lastKnownFileType = sourcecode.swift; path = HistoryViewController.swift; sourceTree = "<group>"; };
		14B716E8231E1FF100378625 /* ApiService.swift */ = {isa = PBXFileReference; lastKnownFileType = sourcecode.swift; path = ApiService.swift; sourceTree = "<group>"; };
		14B716EC231E433F00378625 /* TrackDataSource.swift */ = {isa = PBXFileReference; lastKnownFileType = sourcecode.swift; path = TrackDataSource.swift; sourceTree = "<group>"; };
		14B716F0231E4F4300378625 /* ApiConstant.swift */ = {isa = PBXFileReference; lastKnownFileType = sourcecode.swift; path = ApiConstant.swift; sourceTree = "<group>"; };
		14B716F2231E508E00378625 /* HomeRequest.swift */ = {isa = PBXFileReference; lastKnownFileType = sourcecode.swift; path = HomeRequest.swift; sourceTree = "<group>"; };
		14BBC1522319196000A16C12 /* FavoriteTracks.storyboard */ = {isa = PBXFileReference; lastKnownFileType = file.storyboard; path = FavoriteTracks.storyboard; sourceTree = "<group>"; };
		14BBC154231919A400A16C12 /* FavoriteTracksViewController.swift */ = {isa = PBXFileReference; lastKnownFileType = sourcecode.swift; path = FavoriteTracksViewController.swift; sourceTree = "<group>"; };
		14BBC15623193FFF00A16C12 /* PlaylistViewController.swift */ = {isa = PBXFileReference; lastKnownFileType = sourcecode.swift; path = PlaylistViewController.swift; sourceTree = "<group>"; };
		14BBC1582319401500A16C12 /* Playlist.storyboard */ = {isa = PBXFileReference; lastKnownFileType = file.storyboard; path = Playlist.storyboard; sourceTree = "<group>"; };
		14C05282230F8D1100B74529 /* Home.storyboard */ = {isa = PBXFileReference; lastKnownFileType = file.storyboard; path = Home.storyboard; sourceTree = "<group>"; };
		14D227F3230E76510023D2C3 /* BaseModel.swift */ = {isa = PBXFileReference; lastKnownFileType = sourcecode.swift; path = BaseModel.swift; sourceTree = "<group>"; };
		14D227F5230E785F0023D2C3 /* LocalDataSource.swift */ = {isa = PBXFileReference; lastKnownFileType = sourcecode.swift; path = LocalDataSource.swift; sourceTree = "<group>"; };
		14D227F7230E78A50023D2C3 /* RemoteDataSource.swift */ = {isa = PBXFileReference; lastKnownFileType = sourcecode.swift; path = RemoteDataSource.swift; sourceTree = "<group>"; };
		14D227F9230E7A340023D2C3 /* TrackRepository.swift */ = {isa = PBXFileReference; lastKnownFileType = sourcecode.swift; path = TrackRepository.swift; sourceTree = "<group>"; };
		14D227FE230E7C270023D2C3 /* BaseError.swift */ = {isa = PBXFileReference; lastKnownFileType = sourcecode.swift; path = BaseError.swift; sourceTree = "<group>"; };
		14D22800230E7D230023D2C3 /* ErrorResponse.swift */ = {isa = PBXFileReference; lastKnownFileType = sourcecode.swift; path = ErrorResponse.swift; sourceTree = "<group>"; };
		14D22803230E7E180023D2C3 /* BaseRequest.swift */ = {isa = PBXFileReference; lastKnownFileType = sourcecode.swift; path = BaseRequest.swift; sourceTree = "<group>"; };
		14DB21A42314C64300B65091 /* GenreDataSource.swift */ = {isa = PBXFileReference; lastKnownFileType = sourcecode.swift; path = GenreDataSource.swift; sourceTree = "<group>"; };
		14DB21A62314C7D200B65091 /* GenreRepository.swift */ = {isa = PBXFileReference; lastKnownFileType = sourcecode.swift; path = GenreRepository.swift; sourceTree = "<group>"; };
		14DB21A92314CA1300B65091 /* GenreViewModel.swift */ = {isa = PBXFileReference; lastKnownFileType = sourcecode.swift; path = GenreViewModel.swift; sourceTree = "<group>"; };
		14DB21AB2314E88900B65091 /* Genre.swift */ = {isa = PBXFileReference; lastKnownFileType = sourcecode.swift; path = Genre.swift; sourceTree = "<group>"; };
		14E18A4A230E3AD700AA6241 /* SoundGood.app */ = {isa = PBXFileReference; explicitFileType = wrapper.application; includeInIndex = 0; path = SoundGood.app; sourceTree = BUILT_PRODUCTS_DIR; };
		14E18A4D230E3AD700AA6241 /* AppDelegate.swift */ = {isa = PBXFileReference; lastKnownFileType = sourcecode.swift; path = AppDelegate.swift; sourceTree = "<group>"; };
		14E18A52230E3AD700AA6241 /* Base */ = {isa = PBXFileReference; lastKnownFileType = file.storyboard; name = Base; path = Base.lproj/Main.storyboard; sourceTree = "<group>"; };
		14E18A55230E3AD700AA6241 /* SoundGood.xcdatamodel */ = {isa = PBXFileReference; lastKnownFileType = wrapper.xcdatamodel; path = SoundGood.xcdatamodel; sourceTree = "<group>"; };
		14E18A57230E3AD800AA6241 /* Assets.xcassets */ = {isa = PBXFileReference; lastKnownFileType = folder.assetcatalog; path = Assets.xcassets; sourceTree = "<group>"; };
		14E18A5A230E3AD800AA6241 /* Base */ = {isa = PBXFileReference; lastKnownFileType = file.storyboard; name = Base; path = Base.lproj/LaunchScreen.storyboard; sourceTree = "<group>"; };
		14E18A5C230E3AD800AA6241 /* Info.plist */ = {isa = PBXFileReference; lastKnownFileType = text.plist.xml; path = Info.plist; sourceTree = "<group>"; };
		14E18A79230E669700AA6241 /* Constant.swift */ = {isa = PBXFileReference; lastKnownFileType = sourcecode.swift; path = Constant.swift; sourceTree = "<group>"; };
		14F100C22317713F00537827 /* FavoriteViewController.swift */ = {isa = PBXFileReference; lastKnownFileType = sourcecode.swift; path = FavoriteViewController.swift; sourceTree = "<group>"; };
		14F768D12313B4ED007C9C8C /* GenreTableViewCell.swift */ = {isa = PBXFileReference; lastKnownFileType = sourcecode.swift; path = GenreTableViewCell.swift; sourceTree = "<group>"; };
		14F768D22313B4ED007C9C8C /* GenreTableViewCell.xib */ = {isa = PBXFileReference; lastKnownFileType = file.xib; path = GenreTableViewCell.xib; sourceTree = "<group>"; };
		676DA365DC03B9E36D5B6113 /* Pods_SoundGood.framework */ = {isa = PBXFileReference; explicitFileType = wrapper.framework; includeInIndex = 0; path = Pods_SoundGood.framework; sourceTree = BUILT_PRODUCTS_DIR; };
		A5580A609AEDB3EA97FF233C /* Pods-SoundGood.debug.xcconfig */ = {isa = PBXFileReference; includeInIndex = 1; lastKnownFileType = text.xcconfig; name = "Pods-SoundGood.debug.xcconfig"; path = "Target Support Files/Pods-SoundGood/Pods-SoundGood.debug.xcconfig"; sourceTree = "<group>"; };
		EEC0F87891AECE3B4E1FF7A2 /* Pods-SoundGood.release.xcconfig */ = {isa = PBXFileReference; includeInIndex = 1; lastKnownFileType = text.xcconfig; name = "Pods-SoundGood.release.xcconfig"; path = "Target Support Files/Pods-SoundGood/Pods-SoundGood.release.xcconfig"; sourceTree = "<group>"; };
/* End PBXFileReference section */

/* Begin PBXFrameworksBuildPhase section */
		14E18A47230E3AD700AA6241 /* Frameworks */ = {
			isa = PBXFrameworksBuildPhase;
			buildActionMask = 2147483647;
			files = (
				7A2148168E9AB1CFA038CEB1 /* Pods_SoundGood.framework in Frameworks */,
			);
			runOnlyForDeploymentPostprocessing = 0;
		};
/* End PBXFrameworksBuildPhase section */

/* Begin PBXGroup section */
		14683A4F23139A90007C0AFC /* Genre */ = {
			isa = PBXGroup;
			children = (
				14683A5023139AD4007C0AFC /* GenreViewController.swift */,
				14F768D12313B4ED007C9C8C /* GenreTableViewCell.swift */,
				14F768D22313B4ED007C9C8C /* GenreTableViewCell.xib */,
			);
			path = Genre;
			sourceTree = "<group>";
		};
		147D161E230FD21900150D56 /* Home */ = {
			isa = PBXGroup;
			children = (
				146CCA81231F663F00BF0762 /* HomeViewModel.swift */,
				147D161F230FD23100150D56 /* TrackTableViewCell.swift */,
				147D1623230FD2CF00150D56 /* HomeViewController.swift */,
				147D1620230FD23100150D56 /* TrackTableViewCell.xib */,
			);
			path = Home;
			sourceTree = "<group>";
		};
		149CC4BD2316269600932199 /* TrackByGenre */ = {
			isa = PBXGroup;
			children = (
				149CC4C02316279500932199 /* TrackByGenreViewController.swift */,
			);
			path = TrackByGenre;
			sourceTree = "<group>";
		};
		149CC4C42316799700932199 /* Search */ = {
			isa = PBXGroup;
			children = (
				149CC4C5231679B100932199 /* SearchViewController.swift */,
				146CCA89231FB41E00BF0762 /* SearchViewModel.swift */,
			);
			path = Search;
			sourceTree = "<group>";
		};
		14C05281230F765D00B74529 /* Storyboards */ = {
			isa = PBXGroup;
			children = (
				14E18A51230E3AD700AA6241 /* Main.storyboard */,
				14E18A59230E3AD800AA6241 /* LaunchScreen.storyboard */,
				14C05282230F8D1100B74529 /* Home.storyboard */,
				147D1615230FBDB400150D56 /* Genre.storyboard */,
				147D1613230FBBB500150D56 /* Search.storyboard */,
				147D1617230FBFB700150D56 /* Favorite.storyboard */,
				149CC4BE231626C400932199 /* TrackByGenre.storyboard */,
				149CC4C2231628EC00932199 /* Storyboards.swift */,
				14BBC1522319196000A16C12 /* FavoriteTracks.storyboard */,
				14BBC1582319401500A16C12 /* Playlist.storyboard */,
				14B716E4231DFE6900378625 /* History.storyboard */,
			);
			path = Storyboards;
			sourceTree = "<group>";
		};
		14D227FB230E7BFE0023D2C3 /* Error */ = {
			isa = PBXGroup;
			children = (
				14D227FE230E7C270023D2C3 /* BaseError.swift */,
				14D22800230E7D230023D2C3 /* ErrorResponse.swift */,
			);
			path = Error;
			sourceTree = "<group>";
		};
		14D227FC230E7C050023D2C3 /* Request */ = {
			isa = PBXGroup;
			children = (
				14D22803230E7E180023D2C3 /* BaseRequest.swift */,
				14B716F2231E508E00378625 /* HomeRequest.swift */,
				146CCA87231FB07900BF0762 /* SearchRequest.swift */,
			);
			path = Request;
			sourceTree = "<group>";
		};
		14D227FD230E7C160023D2C3 /* Response */ = {
			isa = PBXGroup;
			children = (
				146CCA83231F6C7900BF0762 /* HomeResponse.swift */,
				1485DE03232097AB0083AEAF /* SearchResponse.swift */,
			);
			path = Response;
			sourceTree = "<group>";
		};
		14D22802230E7DFD0023D2C3 /* Middleware */ = {
			isa = PBXGroup;
			children = (
				146CCA7F231F5D6E00BF0762 /* BaseResult.swift */,
			);
			path = Middleware;
			sourceTree = "<group>";
		};
		14DB21A82314C9DF00B65091 /* ViewModels */ = {
			isa = PBXGroup;
			children = (
				14DB21A92314CA1300B65091 /* GenreViewModel.swift */,
			);
			path = ViewModels;
			sourceTree = "<group>";
		};
		14E18A41230E3AD700AA6241 = {
			isa = PBXGroup;
			children = (
				14E18A4C230E3AD700AA6241 /* SoundGood */,
				14E18A4B230E3AD700AA6241 /* Products */,
				A7F1995662604B6A44ECE80E /* Pods */,
				6FE0B6F741A1DEEB6068A1D7 /* Frameworks */,
			);
			sourceTree = "<group>";
		};
		14E18A4B230E3AD700AA6241 /* Products */ = {
			isa = PBXGroup;
			children = (
				14E18A4A230E3AD700AA6241 /* SoundGood.app */,
			);
			name = Products;
			sourceTree = "<group>";
		};
		14E18A4C230E3AD700AA6241 /* SoundGood */ = {
			isa = PBXGroup;
			children = (
				14DB21A82314C9DF00B65091 /* ViewModels */,
				14E18A62230E3BE500AA6241 /* Application */,
				14E18A63230E3BF300AA6241 /* Common */,
				14E18A64230E3BFA00AA6241 /* Data */,
				14E18A6B230E3C3A00AA6241 /* Extensions */,
				14E18A5C230E3AD800AA6241 /* Info.plist */,
				14E18A6C230E3C4100AA6241 /* Repositories */,
				14E18A6E230E3C6C00AA6241 /* Resources */,
				14E18A6D230E3C4800AA6241 /* Scenes */,
				14E18A6F230E3C7400AA6241 /* Utils */,
				14E18A70230E3C8000AA6241 /* Widgets */,
			);
			path = SoundGood;
			sourceTree = "<group>";
		};
		14E18A62230E3BE500AA6241 /* Application */ = {
			isa = PBXGroup;
			children = (
				14E18A4D230E3AD700AA6241 /* AppDelegate.swift */,
				14E18A79230E669700AA6241 /* Constant.swift */,
				14B716F0231E4F4300378625 /* ApiConstant.swift */,
				1401BF132321F20000DB4FE0 /* ApiKey.swift */,
			);
			path = Application;
			sourceTree = "<group>";
		};
		14E18A63230E3BF300AA6241 /* Common */ = {
			isa = PBXGroup;
			children = (
				1461E6852320D32F00EDA556 /* Observable.swift */,
			);
			path = Common;
			sourceTree = "<group>";
		};
		14E18A64230E3BFA00AA6241 /* Data */ = {
			isa = PBXGroup;
			children = (
				14E18A66230E3C1400AA6241 /* Source */,
				14E18A65230E3C0B00AA6241 /* Model */,
			);
			path = Data;
			sourceTree = "<group>";
		};
		14E18A65230E3C0B00AA6241 /* Model */ = {
			isa = PBXGroup;
			children = (
				14E18A54230E3AD700AA6241 /* SoundGood.xcdatamodeld */,
				14D227F3230E76510023D2C3 /* BaseModel.swift */,
				14DB21AB2314E88900B65091 /* Genre.swift */,
				14B716E0231DF47200378625 /* Playlist.swift */,
				14B716E2231DF47E00378625 /* Track.swift */,
				146CCA85231F6D0600BF0762 /* TrackCollection.swift */,
			);
			path = Model;
			sourceTree = "<group>";
		};
		14E18A66230E3C1400AA6241 /* Source */ = {
			isa = PBXGroup;
			children = (
				14E18A68230E3C2400AA6241 /* Remote */,
				14E18A67230E3C1E00AA6241 /* Local */,
			);
			path = Source;
			sourceTree = "<group>";
		};
		14E18A67230E3C1E00AA6241 /* Local */ = {
			isa = PBXGroup;
			children = (
				14D227F5230E785F0023D2C3 /* LocalDataSource.swift */,
				14DB21A42314C64300B65091 /* GenreDataSource.swift */,
			);
			path = Local;
			sourceTree = "<group>";
		};
		14E18A68230E3C2400AA6241 /* Remote */ = {
			isa = PBXGroup;
			children = (
				14E18A6A230E3C2C00AA6241 /* Service */,
				14E18A69230E3C2800AA6241 /* API */,
				14D227F7230E78A50023D2C3 /* RemoteDataSource.swift */,
				14B716EC231E433F00378625 /* TrackDataSource.swift */,
			);
			path = Remote;
			sourceTree = "<group>";
		};
		14E18A69230E3C2800AA6241 /* API */ = {
			isa = PBXGroup;
			children = (
				14D22802230E7DFD0023D2C3 /* Middleware */,
				14D227FD230E7C160023D2C3 /* Response */,
				14D227FC230E7C050023D2C3 /* Request */,
				14D227FB230E7BFE0023D2C3 /* Error */,
			);
			path = API;
			sourceTree = "<group>";
		};
		14E18A6A230E3C2C00AA6241 /* Service */ = {
			isa = PBXGroup;
			children = (
				14B716E8231E1FF100378625 /* ApiService.swift */,
			);
			path = Service;
			sourceTree = "<group>";
		};
		14E18A6B230E3C3A00AA6241 /* Extensions */ = {
			isa = PBXGroup;
			children = (
				1401BF1523220BB100DB4FE0 /* UIViewController+.swift */,
			);
			path = Extensions;
			sourceTree = "<group>";
		};
		14E18A6C230E3C4100AA6241 /* Repositories */ = {
			isa = PBXGroup;
			children = (
				14D227F9230E7A340023D2C3 /* TrackRepository.swift */,
				14DB21A62314C7D200B65091 /* GenreRepository.swift */,
			);
			path = Repositories;
			sourceTree = "<group>";
		};
		14E18A6D230E3C4800AA6241 /* Scenes */ = {
			isa = PBXGroup;
			children = (
				14F100C4231775CF00537827 /* Custom */,
				14F100C02317710900537827 /* Favorite */,
				149CC4C42316799700932199 /* Search */,
				149CC4BD2316269600932199 /* TrackByGenre */,
				14683A4F23139A90007C0AFC /* Genre */,
				147D161E230FD21900150D56 /* Home */,
				14C05281230F765D00B74529 /* Storyboards */,
			);
			path = Scenes;
			sourceTree = "<group>";
		};
		14E18A6E230E3C6C00AA6241 /* Resources */ = {
			isa = PBXGroup;
			children = (
				14E18A57230E3AD800AA6241 /* Assets.xcassets */,
			);
			path = Resources;
			sourceTree = "<group>";
		};
		14E18A6F230E3C7400AA6241 /* Utils */ = {
			isa = PBXGroup;
			children = (
			);
			path = Utils;
			sourceTree = "<group>";
		};
		14E18A70230E3C8000AA6241 /* Widgets */ = {
			isa = PBXGroup;
			children = (
			);
			path = Widgets;
			sourceTree = "<group>";
		};
		14F100C02317710900537827 /* Favorite */ = {
			isa = PBXGroup;
			children = (
				14F100C22317713F00537827 /* FavoriteViewController.swift */,
				14BBC154231919A400A16C12 /* FavoriteTracksViewController.swift */,
				14BBC15623193FFF00A16C12 /* PlaylistViewController.swift */,
				14B716E6231E034100378625 /* HistoryViewController.swift */,
			);
			path = Favorite;
			sourceTree = "<group>";
		};
		14F100C4231775CF00537827 /* Custom */ = {
			isa = PBXGroup;
			children = (
				146CCA7D231F485C00BF0762 /* ImageButton.swift */,
			);
			path = Custom;
			sourceTree = "<group>";
		};
		6FE0B6F741A1DEEB6068A1D7 /* Frameworks */ = {
			isa = PBXGroup;
			children = (
				676DA365DC03B9E36D5B6113 /* Pods_SoundGood.framework */,
			);
			name = Frameworks;
			sourceTree = "<group>";
		};
		A7F1995662604B6A44ECE80E /* Pods */ = {
			isa = PBXGroup;
			children = (
				A5580A609AEDB3EA97FF233C /* Pods-SoundGood.debug.xcconfig */,
				EEC0F87891AECE3B4E1FF7A2 /* Pods-SoundGood.release.xcconfig */,
			);
			path = Pods;
			sourceTree = "<group>";
		};
/* End PBXGroup section */

/* Begin PBXNativeTarget section */
		14E18A49230E3AD700AA6241 /* SoundGood */ = {
			isa = PBXNativeTarget;
			buildConfigurationList = 14E18A5F230E3AD800AA6241 /* Build configuration list for PBXNativeTarget "SoundGood" */;
			buildPhases = (
				584CDEFB3DF6B9B7FE3D6D8C /* [CP] Check Pods Manifest.lock */,
				14E18A46230E3AD700AA6241 /* Sources */,
				14E18A47230E3AD700AA6241 /* Frameworks */,
				14E18A48230E3AD700AA6241 /* Resources */,
				35F772F4DDDE10616BD088A3 /* [CP] Embed Pods Frameworks */,
				14E18A71230E3CB400AA6241 /* ShellScript */,
			);
			buildRules = (
			);
			dependencies = (
			);
			name = SoundGood;
			productName = SoundGood;
			productReference = 14E18A4A230E3AD700AA6241 /* SoundGood.app */;
			productType = "com.apple.product-type.application";
		};
/* End PBXNativeTarget section */

/* Begin PBXProject section */
		14E18A42230E3AD700AA6241 /* Project object */ = {
			isa = PBXProject;
			attributes = {
				LastSwiftUpdateCheck = 1030;
				LastUpgradeCheck = 1030;
				ORGANIZATIONNAME = "Sun Asterisk";
				TargetAttributes = {
					14E18A49230E3AD700AA6241 = {
						CreatedOnToolsVersion = 10.3;
					};
				};
			};
			buildConfigurationList = 14E18A45230E3AD700AA6241 /* Build configuration list for PBXProject "SoundGood" */;
			compatibilityVersion = "Xcode 9.3";
			developmentRegion = en;
			hasScannedForEncodings = 0;
			knownRegions = (
				en,
				Base,
			);
			mainGroup = 14E18A41230E3AD700AA6241;
			productRefGroup = 14E18A4B230E3AD700AA6241 /* Products */;
			projectDirPath = "";
			projectRoot = "";
			targets = (
				14E18A49230E3AD700AA6241 /* SoundGood */,
			);
		};
/* End PBXProject section */

/* Begin PBXResourcesBuildPhase section */
		14E18A48230E3AD700AA6241 /* Resources */ = {
			isa = PBXResourcesBuildPhase;
			buildActionMask = 2147483647;
			files = (
				14BBC1592319401500A16C12 /* Playlist.storyboard in Resources */,
				14BBC1532319196000A16C12 /* FavoriteTracks.storyboard in Resources */,
				14E18A5B230E3AD800AA6241 /* LaunchScreen.storyboard in Resources */,
				14E18A58230E3AD800AA6241 /* Assets.xcassets in Resources */,
				147D1618230FBFB700150D56 /* Favorite.storyboard in Resources */,
				14F768D42313B4ED007C9C8C /* GenreTableViewCell.xib in Resources */,
				14E18A53230E3AD700AA6241 /* Main.storyboard in Resources */,
				14C05283230F8D1100B74529 /* Home.storyboard in Resources */,
				147D1616230FBDB400150D56 /* Genre.storyboard in Resources */,
				149CC4BF231626C400932199 /* TrackByGenre.storyboard in Resources */,
				147D1614230FBBB500150D56 /* Search.storyboard in Resources */,
				14B716E5231DFE6900378625 /* History.storyboard in Resources */,
				147D1622230FD23100150D56 /* TrackTableViewCell.xib in Resources */,
			);
			runOnlyForDeploymentPostprocessing = 0;
		};
/* End PBXResourcesBuildPhase section */

/* Begin PBXShellScriptBuildPhase section */
		14E18A71230E3CB400AA6241 /* ShellScript */ = {
			isa = PBXShellScriptBuildPhase;
			buildActionMask = 2147483647;
			files = (
			);
			inputFileListPaths = (
			);
			inputPaths = (
			);
			outputFileListPaths = (
			);
			outputPaths = (
			);
			runOnlyForDeploymentPostprocessing = 0;
			shellPath = /bin/sh;
			shellScript = "if which swiftlint >/dev/null; then\nswiftlint\nelse\necho \"warning: SwiftLint not installed, download from https://github.com/realm/SwiftLint\"\nfi\n";
		};
		35F772F4DDDE10616BD088A3 /* [CP] Embed Pods Frameworks */ = {
			isa = PBXShellScriptBuildPhase;
			buildActionMask = 2147483647;
			files = (
			);
			inputFileListPaths = (
				"${PODS_ROOT}/Target Support Files/Pods-SoundGood/Pods-SoundGood-frameworks-${CONFIGURATION}-input-files.xcfilelist",
			);
			name = "[CP] Embed Pods Frameworks";
			outputFileListPaths = (
				"${PODS_ROOT}/Target Support Files/Pods-SoundGood/Pods-SoundGood-frameworks-${CONFIGURATION}-output-files.xcfilelist",
			);
			runOnlyForDeploymentPostprocessing = 0;
			shellPath = /bin/sh;
			shellScript = "\"${PODS_ROOT}/Target Support Files/Pods-SoundGood/Pods-SoundGood-frameworks.sh\"\n";
			showEnvVarsInLog = 0;
		};
		584CDEFB3DF6B9B7FE3D6D8C /* [CP] Check Pods Manifest.lock */ = {
			isa = PBXShellScriptBuildPhase;
			buildActionMask = 2147483647;
			files = (
			);
			inputFileListPaths = (
			);
			inputPaths = (
				"${PODS_PODFILE_DIR_PATH}/Podfile.lock",
				"${PODS_ROOT}/Manifest.lock",
			);
			name = "[CP] Check Pods Manifest.lock";
			outputFileListPaths = (
			);
			outputPaths = (
				"$(DERIVED_FILE_DIR)/Pods-SoundGood-checkManifestLockResult.txt",
			);
			runOnlyForDeploymentPostprocessing = 0;
			shellPath = /bin/sh;
			shellScript = "diff \"${PODS_PODFILE_DIR_PATH}/Podfile.lock\" \"${PODS_ROOT}/Manifest.lock\" > /dev/null\nif [ $? != 0 ] ; then\n    # print error to STDERR\n    echo \"error: The sandbox is not in sync with the Podfile.lock. Run 'pod install' or update your CocoaPods installation.\" >&2\n    exit 1\nfi\n# This output is used by Xcode 'outputs' to avoid re-running this script phase.\necho \"SUCCESS\" > \"${SCRIPT_OUTPUT_FILE_0}\"\n";
			showEnvVarsInLog = 0;
		};
/* End PBXShellScriptBuildPhase section */

/* Begin PBXSourcesBuildPhase section */
		14E18A46230E3AD700AA6241 /* Sources */ = {
			isa = PBXSourcesBuildPhase;
			buildActionMask = 2147483647;
			files = (
				14F100C32317713F00537827 /* FavoriteViewController.swift in Sources */,
				1401BF142321F20000DB4FE0 /* ApiKey.swift in Sources */,
				14B716E1231DF47200378625 /* Playlist.swift in Sources */,
				14683A5123139AD4007C0AFC /* GenreViewController.swift in Sources */,
				14DB21A72314C7D200B65091 /* GenreRepository.swift in Sources */,
				146CCA8A231FB41E00BF0762 /* SearchViewModel.swift in Sources */,
				14D227F6230E785F0023D2C3 /* LocalDataSource.swift in Sources */,
				14E18A4E230E3AD700AA6241 /* AppDelegate.swift in Sources */,
				14D227F8230E78A50023D2C3 /* RemoteDataSource.swift in Sources */,
				14DB21A52314C64300B65091 /* GenreDataSource.swift in Sources */,
				14E18A56230E3AD700AA6241 /* SoundGood.xcdatamodeld in Sources */,
				146CCA86231F6D0600BF0762 /* TrackCollection.swift in Sources */,
				14F768D32313B4ED007C9C8C /* GenreTableViewCell.swift in Sources */,
				14D22801230E7D230023D2C3 /* ErrorResponse.swift in Sources */,
				1401BF1623220BB100DB4FE0 /* UIViewController+.swift in Sources */,
				14DB21AC2314E88900B65091 /* Genre.swift in Sources */,
				14D22804230E7E180023D2C3 /* BaseRequest.swift in Sources */,
				14BBC155231919A400A16C12 /* FavoriteTracksViewController.swift in Sources */,
				14B716ED231E433F00378625 /* TrackDataSource.swift in Sources */,
				146CCA88231FB07900BF0762 /* SearchRequest.swift in Sources */,
				14B716E3231DF47E00378625 /* Track.swift in Sources */,
				147D1621230FD23100150D56 /* TrackTableViewCell.swift in Sources */,
				146CCA82231F663F00BF0762 /* HomeViewModel.swift in Sources */,
				146CCA80231F5D6E00BF0762 /* BaseResult.swift in Sources */,
				14D227FA230E7A340023D2C3 /* TrackRepository.swift in Sources */,
				149CC4C12316279500932199 /* TrackByGenreViewController.swift in Sources */,
				14B716E9231E1FF100378625 /* ApiService.swift in Sources */,
				14E18A7A230E669700AA6241 /* Constant.swift in Sources */,
				1485DE04232097AB0083AEAF /* SearchResponse.swift in Sources */,
				14B716E7231E034100378625 /* HistoryViewController.swift in Sources */,
				14B716F1231E4F4300378625 /* ApiConstant.swift in Sources */,
				149CC4C6231679B100932199 /* SearchViewController.swift in Sources */,
				14D227FF230E7C270023D2C3 /* BaseError.swift in Sources */,
				149CC4C3231628EC00932199 /* Storyboards.swift in Sources */,
				14BBC15723193FFF00A16C12 /* PlaylistViewController.swift in Sources */,
				1461E6862320D32F00EDA556 /* Observable.swift in Sources */,
				146CCA84231F6C7900BF0762 /* HomeResponse.swift in Sources */,
				147D1624230FD2CF00150D56 /* HomeViewController.swift in Sources */,
				146CCA7E231F485C00BF0762 /* ImageButton.swift in Sources */,
				14D227F4230E76510023D2C3 /* BaseModel.swift in Sources */,
				14B716F3231E508E00378625 /* HomeRequest.swift in Sources */,
				14DB21AA2314CA1300B65091 /* GenreViewModel.swift in Sources */,
			);
			runOnlyForDeploymentPostprocessing = 0;
		};
/* End PBXSourcesBuildPhase section */

/* Begin PBXVariantGroup section */
		14E18A51230E3AD700AA6241 /* Main.storyboard */ = {
			isa = PBXVariantGroup;
			children = (
				14E18A52230E3AD700AA6241 /* Base */,
			);
			name = Main.storyboard;
			sourceTree = "<group>";
		};
		14E18A59230E3AD800AA6241 /* LaunchScreen.storyboard */ = {
			isa = PBXVariantGroup;
			children = (
				14E18A5A230E3AD800AA6241 /* Base */,
			);
			name = LaunchScreen.storyboard;
			sourceTree = "<group>";
		};
/* End PBXVariantGroup section */

/* Begin XCBuildConfiguration section */
		14E18A5D230E3AD800AA6241 /* Debug */ = {
			isa = XCBuildConfiguration;
			buildSettings = {
				ALWAYS_SEARCH_USER_PATHS = NO;
				CLANG_ANALYZER_NONNULL = YES;
				CLANG_ANALYZER_NUMBER_OBJECT_CONVERSION = YES_AGGRESSIVE;
				CLANG_CXX_LANGUAGE_STANDARD = "gnu++14";
				CLANG_CXX_LIBRARY = "libc++";
				CLANG_ENABLE_MODULES = YES;
				CLANG_ENABLE_OBJC_ARC = YES;
				CLANG_ENABLE_OBJC_WEAK = YES;
				CLANG_WARN_BLOCK_CAPTURE_AUTORELEASING = YES;
				CLANG_WARN_BOOL_CONVERSION = YES;
				CLANG_WARN_COMMA = YES;
				CLANG_WARN_CONSTANT_CONVERSION = YES;
				CLANG_WARN_DEPRECATED_OBJC_IMPLEMENTATIONS = YES;
				CLANG_WARN_DIRECT_OBJC_ISA_USAGE = YES_ERROR;
				CLANG_WARN_DOCUMENTATION_COMMENTS = YES;
				CLANG_WARN_EMPTY_BODY = YES;
				CLANG_WARN_ENUM_CONVERSION = YES;
				CLANG_WARN_INFINITE_RECURSION = YES;
				CLANG_WARN_INT_CONVERSION = YES;
				CLANG_WARN_NON_LITERAL_NULL_CONVERSION = YES;
				CLANG_WARN_OBJC_IMPLICIT_RETAIN_SELF = YES;
				CLANG_WARN_OBJC_LITERAL_CONVERSION = YES;
				CLANG_WARN_OBJC_ROOT_CLASS = YES_ERROR;
				CLANG_WARN_RANGE_LOOP_ANALYSIS = YES;
				CLANG_WARN_STRICT_PROTOTYPES = YES;
				CLANG_WARN_SUSPICIOUS_MOVE = YES;
				CLANG_WARN_UNGUARDED_AVAILABILITY = YES_AGGRESSIVE;
				CLANG_WARN_UNREACHABLE_CODE = YES;
				CLANG_WARN__DUPLICATE_METHOD_MATCH = YES;
				CODE_SIGN_IDENTITY = "iPhone Developer";
				COPY_PHASE_STRIP = NO;
				DEBUG_INFORMATION_FORMAT = dwarf;
				ENABLE_STRICT_OBJC_MSGSEND = YES;
				ENABLE_TESTABILITY = YES;
				GCC_C_LANGUAGE_STANDARD = gnu11;
				GCC_DYNAMIC_NO_PIC = NO;
				GCC_NO_COMMON_BLOCKS = YES;
				GCC_OPTIMIZATION_LEVEL = 0;
				GCC_PREPROCESSOR_DEFINITIONS = (
					"DEBUG=1",
					"$(inherited)",
				);
				GCC_WARN_64_TO_32_BIT_CONVERSION = YES;
				GCC_WARN_ABOUT_RETURN_TYPE = YES_ERROR;
				GCC_WARN_UNDECLARED_SELECTOR = YES;
				GCC_WARN_UNINITIALIZED_AUTOS = YES_AGGRESSIVE;
				GCC_WARN_UNUSED_FUNCTION = YES;
				GCC_WARN_UNUSED_VARIABLE = YES;
				IPHONEOS_DEPLOYMENT_TARGET = 12.4;
				MTL_ENABLE_DEBUG_INFO = INCLUDE_SOURCE;
				MTL_FAST_MATH = YES;
				ONLY_ACTIVE_ARCH = YES;
				SDKROOT = iphoneos;
				SWIFT_ACTIVE_COMPILATION_CONDITIONS = DEBUG;
				SWIFT_OPTIMIZATION_LEVEL = "-Onone";
			};
			name = Debug;
		};
		14E18A5E230E3AD800AA6241 /* Release */ = {
			isa = XCBuildConfiguration;
			buildSettings = {
				ALWAYS_SEARCH_USER_PATHS = NO;
				CLANG_ANALYZER_NONNULL = YES;
				CLANG_ANALYZER_NUMBER_OBJECT_CONVERSION = YES_AGGRESSIVE;
				CLANG_CXX_LANGUAGE_STANDARD = "gnu++14";
				CLANG_CXX_LIBRARY = "libc++";
				CLANG_ENABLE_MODULES = YES;
				CLANG_ENABLE_OBJC_ARC = YES;
				CLANG_ENABLE_OBJC_WEAK = YES;
				CLANG_WARN_BLOCK_CAPTURE_AUTORELEASING = YES;
				CLANG_WARN_BOOL_CONVERSION = YES;
				CLANG_WARN_COMMA = YES;
				CLANG_WARN_CONSTANT_CONVERSION = YES;
				CLANG_WARN_DEPRECATED_OBJC_IMPLEMENTATIONS = YES;
				CLANG_WARN_DIRECT_OBJC_ISA_USAGE = YES_ERROR;
				CLANG_WARN_DOCUMENTATION_COMMENTS = YES;
				CLANG_WARN_EMPTY_BODY = YES;
				CLANG_WARN_ENUM_CONVERSION = YES;
				CLANG_WARN_INFINITE_RECURSION = YES;
				CLANG_WARN_INT_CONVERSION = YES;
				CLANG_WARN_NON_LITERAL_NULL_CONVERSION = YES;
				CLANG_WARN_OBJC_IMPLICIT_RETAIN_SELF = YES;
				CLANG_WARN_OBJC_LITERAL_CONVERSION = YES;
				CLANG_WARN_OBJC_ROOT_CLASS = YES_ERROR;
				CLANG_WARN_RANGE_LOOP_ANALYSIS = YES;
				CLANG_WARN_STRICT_PROTOTYPES = YES;
				CLANG_WARN_SUSPICIOUS_MOVE = YES;
				CLANG_WARN_UNGUARDED_AVAILABILITY = YES_AGGRESSIVE;
				CLANG_WARN_UNREACHABLE_CODE = YES;
				CLANG_WARN__DUPLICATE_METHOD_MATCH = YES;
				CODE_SIGN_IDENTITY = "iPhone Developer";
				COPY_PHASE_STRIP = NO;
				DEBUG_INFORMATION_FORMAT = "dwarf-with-dsym";
				ENABLE_NS_ASSERTIONS = NO;
				ENABLE_STRICT_OBJC_MSGSEND = YES;
				GCC_C_LANGUAGE_STANDARD = gnu11;
				GCC_NO_COMMON_BLOCKS = YES;
				GCC_WARN_64_TO_32_BIT_CONVERSION = YES;
				GCC_WARN_ABOUT_RETURN_TYPE = YES_ERROR;
				GCC_WARN_UNDECLARED_SELECTOR = YES;
				GCC_WARN_UNINITIALIZED_AUTOS = YES_AGGRESSIVE;
				GCC_WARN_UNUSED_FUNCTION = YES;
				GCC_WARN_UNUSED_VARIABLE = YES;
				IPHONEOS_DEPLOYMENT_TARGET = 12.4;
				MTL_ENABLE_DEBUG_INFO = NO;
				MTL_FAST_MATH = YES;
				SDKROOT = iphoneos;
				SWIFT_COMPILATION_MODE = wholemodule;
				SWIFT_OPTIMIZATION_LEVEL = "-O";
				VALIDATE_PRODUCT = YES;
			};
			name = Release;
		};
		14E18A60230E3AD800AA6241 /* Debug */ = {
			isa = XCBuildConfiguration;
			baseConfigurationReference = A5580A609AEDB3EA97FF233C /* Pods-SoundGood.debug.xcconfig */;
			buildSettings = {
				ASSETCATALOG_COMPILER_APPICON_NAME = AppIcon;
				CODE_SIGN_STYLE = Automatic;
				INFOPLIST_FILE = SoundGood/Info.plist;
				LD_RUNPATH_SEARCH_PATHS = (
					"$(inherited)",
					"@executable_path/Frameworks",
				);
				PRODUCT_BUNDLE_IDENTIFIER = com.sun.SoundGood;
				PRODUCT_NAME = "$(TARGET_NAME)";
				SOUNDCLOUD_API = "/Users/dang.thanh.dat/Documents/Training Projects/SoundGood/BuildConfig";
				SWIFT_VERSION = 5.0;
				TARGETED_DEVICE_FAMILY = "1,2";
			};
			name = Debug;
		};
		14E18A61230E3AD800AA6241 /* Release */ = {
			isa = XCBuildConfiguration;
			baseConfigurationReference = EEC0F87891AECE3B4E1FF7A2 /* Pods-SoundGood.release.xcconfig */;
			buildSettings = {
				ASSETCATALOG_COMPILER_APPICON_NAME = AppIcon;
				CODE_SIGN_STYLE = Automatic;
				INFOPLIST_FILE = SoundGood/Info.plist;
				LD_RUNPATH_SEARCH_PATHS = (
					"$(inherited)",
					"@executable_path/Frameworks",
				);
				PRODUCT_BUNDLE_IDENTIFIER = com.sun.SoundGood;
				PRODUCT_NAME = "$(TARGET_NAME)";
				SOUNDCLOUD_API = "/Users/dang.thanh.dat/Documents/Training Projects/SoundGood/BuildConfig";
				SWIFT_VERSION = 5.0;
				TARGETED_DEVICE_FAMILY = "1,2";
			};
			name = Release;
		};
/* End XCBuildConfiguration section */

/* Begin XCConfigurationList section */
		14E18A45230E3AD700AA6241 /* Build configuration list for PBXProject "SoundGood" */ = {
			isa = XCConfigurationList;
			buildConfigurations = (
				14E18A5D230E3AD800AA6241 /* Debug */,
				14E18A5E230E3AD800AA6241 /* Release */,
			);
			defaultConfigurationIsVisible = 0;
			defaultConfigurationName = Release;
		};
		14E18A5F230E3AD800AA6241 /* Build configuration list for PBXNativeTarget "SoundGood" */ = {
			isa = XCConfigurationList;
			buildConfigurations = (
				14E18A60230E3AD800AA6241 /* Debug */,
				14E18A61230E3AD800AA6241 /* Release */,
			);
			defaultConfigurationIsVisible = 0;
			defaultConfigurationName = Release;
		};
/* End XCConfigurationList section */

/* Begin XCVersionGroup section */
		14E18A54230E3AD700AA6241 /* SoundGood.xcdatamodeld */ = {
			isa = XCVersionGroup;
			children = (
				14E18A55230E3AD700AA6241 /* SoundGood.xcdatamodel */,
			);
			currentVersion = 14E18A55230E3AD700AA6241 /* SoundGood.xcdatamodel */;
			path = SoundGood.xcdatamodeld;
			sourceTree = "<group>";
			versionGroupType = wrapper.xcdatamodel;
		};
/* End XCVersionGroup section */
	};
	rootObject = 14E18A42230E3AD700AA6241 /* Project object */;
}
